
Microsoft Visual Studio Solution File, Format Version 12.00
# Visual Studio Version 17
VisualStudioVersion = 17.9.34728.123
MinimumVisualStudioVersion = 10.0.40219.1
Project("{9A19103F-16F7-4668-BE54-9A1E7A4F7556}") = "Concurrency", "Concurrency\Concurrency.csproj", "{DECC3743-90F9-4A3E-AB67-5764A9E7E6C3}"
EndProject
Project("{9A19103F-16F7-4668-BE54-9A1E7A4F7556}") = "GrpcNet.Abstractions", "GrpcNet.Abstractions\GrpcNet.Abstractions.csproj", "{6F9DA0E6-E4D4-4141-8030-D8726DBEE687}"
EndProject
Project("{9A19103F-16F7-4668-BE54-9A1E7A4F7556}") = "GrpcNet.Transport", "GrpcNet.Transport\GrpcNet.Transport.csproj", "{32BC2842-5BCF-41AE-B922-F22133AF00E5}"
EndProject
Project("{9A19103F-16F7-4668-BE54-9A1E7A4F7556}") = "GrpcNet.Transport.Tcp", "GrpcNet.Transport.Tcp\GrpcNet.Transport.Tcp.csproj", "{21BB1474-B803-4D68-8F3C-FD45B81B3DBD}"
EndProject
Global
	GlobalSection(SolutionConfigurationPlatforms) = preSolution
		Debug|Any CPU = Debug|Any CPU
		Release|Any CPU = Release|Any CPU
	EndGlobalSection
	GlobalSection(ProjectConfigurationPlatforms) = postSolution
		{DECC3743-90F9-4A3E-AB67-5764A9E7E6C3}.Debug|Any CPU.ActiveCfg = Debug|Any CPU
		{DECC3743-90F9-4A3E-AB67-5764A9E7E6C3}.Debug|Any CPU.Build.0 = Debug|Any CPU
		{DECC3743-90F9-4A3E-AB67-5764A9E7E6C3}.Release|Any CPU.ActiveCfg = Release|Any CPU
		{DECC3743-90F9-4A3E-AB67-5764A9E7E6C3}.Release|Any CPU.Build.0 = Release|Any CPU
		{6F9DA0E6-E4D4-4141-8030-D8726DBEE687}.Debug|Any CPU.ActiveCfg = Debug|Any CPU
		{6F9DA0E6-E4D4-4141-8030-D8726DBEE687}.Debug|Any CPU.Build.0 = Debug|Any CPU
		{6F9DA0E6-E4D4-4141-8030-D8726DBEE687}.Release|Any CPU.ActiveCfg = Release|Any CPU
		{6F9DA0E6-E4D4-4141-8030-D8726DBEE687}.Release|Any CPU.Build.0 = Release|Any CPU
		{32BC2842-5BCF-41AE-B922-F22133AF00E5}.Debug|Any CPU.ActiveCfg = Debug|Any CPU
		{32BC2842-5BCF-41AE-B922-F22133AF00E5}.Debug|Any CPU.Build.0 = Debug|Any CPU
		{32BC2842-5BCF-41AE-B922-F22133AF00E5}.Release|Any CPU.ActiveCfg = Release|Any CPU
		{32BC2842-5BCF-41AE-B922-F22133AF00E5}.Release|Any CPU.Build.0 = Release|Any CPU
		{21BB1474-B803-4D68-8F3C-FD45B81B3DBD}.Debug|Any CPU.ActiveCfg = Debug|Any CPU
		{21BB1474-B803-4D68-8F3C-FD45B81B3DBD}.Debug|Any CPU.Build.0 = Debug|Any CPU
		{21BB1474-B803-4D68-8F3C-FD45B81B3DBD}.Release|Any CPU.ActiveCfg = Release|Any CPU
		{21BB1474-B803-4D68-8F3C-FD45B81B3DBD}.Release|Any CPU.Build.0 = Release|Any CPU
	EndGlobalSection
	GlobalSection(SolutionProperties) = preSolution
		HideSolutionNode = FALSE
	EndGlobalSection
	GlobalSection(ExtensibilityGlobals) = postSolution
		SolutionGuid = {930A0DD4-3B41-4DE8-91E0-4BD0921A9533}
	EndGlobalSection
EndGlobal
